// !$*UTF8*$!
{
	archiveVersion = 1;
	classes = {
	};
	objectVersion = 77;
	objects = {

/* Begin PBXBuildFile section */
		64C0A328C569F668E5EBD048 /* Pods_ECommerceApp_ECommerceAppUITests.framework in Frameworks */ = {isa = PBXBuildFile; fileRef = 6C36C7592D61C301E94F589D /* Pods_ECommerceApp_ECommerceAppUITests.framework */; };
		7115BDE32D499FDBE19CC579 /* Pods_ECommerceAppTests.framework in Frameworks */ = {isa = PBXBuildFile; fileRef = 946BAC6EF94BF3E509936068 /* Pods_ECommerceAppTests.framework */; };
		9ED6A3132E093B970000FF9D /* Stripe in Frameworks */ = {isa = PBXBuildFile; productRef = 9ED6A3122E093B970000FF9D /* Stripe */; };
		9ED6A3152E093B970000FF9D /* StripeApplePay in Frameworks */ = {isa = PBXBuildFile; productRef = 9ED6A3142E093B970000FF9D /* StripeApplePay */; };
		9ED6A3172E093B970000FF9D /* StripeCardScan in Frameworks */ = {isa = PBXBuildFile; productRef = 9ED6A3162E093B970000FF9D /* StripeCardScan */; };
		9ED6A3192E093B970000FF9D /* StripeConnect in Frameworks */ = {isa = PBXBuildFile; productRef = 9ED6A3182E093B970000FF9D /* StripeConnect */; };
		9ED6A31B2E093B970000FF9D /* StripeFinancialConnections in Frameworks */ = {isa = PBXBuildFile; productRef = 9ED6A31A2E093B970000FF9D /* StripeFinancialConnections */; };
		9ED6A31D2E093B970000FF9D /* StripeIdentity in Frameworks */ = {isa = PBXBuildFile; productRef = 9ED6A31C2E093B970000FF9D /* StripeIdentity */; };
		9ED6A31F2E093B970000FF9D /* StripePaymentSheet in Frameworks */ = {isa = PBXBuildFile; productRef = 9ED6A31E2E093B970000FF9D /* StripePaymentSheet */; };
		9ED6A3212E093B970000FF9D /* StripePayments in Frameworks */ = {isa = PBXBuildFile; productRef = 9ED6A3202E093B970000FF9D /* StripePayments */; };
		9ED6A3232E093B970000FF9D /* StripePaymentsUI in Frameworks */ = {isa = PBXBuildFile; productRef = 9ED6A3222E093B970000FF9D /* StripePaymentsUI */; };
		9ED6A3322E094A470000FF9D /* StripePaymentView.swift in Sources */ = {isa = PBXBuildFile; fileRef = 9ED6A3312E094A470000FF9D /* StripePaymentView.swift */; };
		9ED6A3342E094D700000FF9D /* StripeCardField.swift in Sources */ = {isa = PBXBuildFile; fileRef = 9ED6A3332E094D700000FF9D /* StripeCardField.swift */; };
		9ED6A3362E0952E50000FF9D /* StripeAuthContext.swift in Sources */ = {isa = PBXBuildFile; fileRef = 9ED6A3352E0952E50000FF9D /* StripeAuthContext.swift */; };
		9EE00B9D2E02DA7F00B90540 /* ECommerceAppApp.swift in Sources */ = {isa = PBXBuildFile; fileRef = 9EE00B9A2E02DA7F00B90540 /* ECommerceAppApp.swift */; };
		9EE00BA22E02DAA000B90540 /* HomeScreen.swift in Sources */ = {isa = PBXBuildFile; fileRef = 9EE00BA12E02DAA000B90540 /* HomeScreen.swift */; };
		9EE00BA42E02DAB100B90540 /* SearchView.swift in Sources */ = {isa = PBXBuildFile; fileRef = 9EE00BA32E02DAB100B90540 /* SearchView.swift */; };
		9EE00BA62E02DBB200B90540 /* Model.swift in Sources */ = {isa = PBXBuildFile; fileRef = 9EE00BA52E02DBB200B90540 /* Model.swift */; };
		9EE00BA82E02DBD700B90540 /* CardView.swift in Sources */ = {isa = PBXBuildFile; fileRef = 9EE00BA72E02DBD700B90540 /* CardView.swift */; };
		9EE00BAC2E02E8CD00B90540 /* ProductCard.swift in Sources */ = {isa = PBXBuildFile; fileRef = 9EE00BAB2E02E8CD00B90540 /* ProductCard.swift */; };
		9EE00BAE2E02ED0A00B90540 /* ShirtCardView.swift in Sources */ = {isa = PBXBuildFile; fileRef = 9EE00BAD2E02ED0A00B90540 /* ShirtCardView.swift */; };
		9EE00BB62E0304CE00B90540 /* ShoesCardView.swift in Sources */ = {isa = PBXBuildFile; fileRef = 9EE00BB52E0304CE00B90540 /* ShoesCardView.swift */; };
		9EE00BDD2E03E4C400B90540 /* TabView.swift in Sources */ = {isa = PBXBuildFile; fileRef = 9EE00BDC2E03E4C400B90540 /* TabView.swift */; };
		9EE00BE82E03E83600B90540 /* ProfileScreen.swift in Sources */ = {isa = PBXBuildFile; fileRef = 9EE00BE72E03E83600B90540 /* ProfileScreen.swift */; };
		9EE00BEA2E03EA3B00B90540 /* AddToCartView.swift in Sources */ = {isa = PBXBuildFile; fileRef = 9EE00BE92E03EA3B00B90540 /* AddToCartView.swift */; };
		9EE00BEC2E04042A00B90540 /* CategoryScreen.swift in Sources */ = {isa = PBXBuildFile; fileRef = 9EE00BEB2E04042A00B90540 /* CategoryScreen.swift */; };
		9EE00BF12E040FE200B90540 /* CategoryCard.swift in Sources */ = {isa = PBXBuildFile; fileRef = 9EE00BF02E040FE200B90540 /* CategoryCard.swift */; };
		9EE00BF52E04356000B90540 /* PantCardView.swift in Sources */ = {isa = PBXBuildFile; fileRef = 9EE00BF42E04356000B90540 /* PantCardView.swift */; };
		9EE00BF92E043C6C00B90540 /* ShirtDetailView.swift in Sources */ = {isa = PBXBuildFile; fileRef = 9EE00BF82E043C6C00B90540 /* ShirtDetailView.swift */; };
		9EE00BFB2E043F1B00B90540 /* PantDetailView.swift in Sources */ = {isa = PBXBuildFile; fileRef = 9EE00BFA2E043F1B00B90540 /* PantDetailView.swift */; };
		9EE00BFD2E043F8400B90540 /* ShoeDetailView.swift in Sources */ = {isa = PBXBuildFile; fileRef = 9EE00BFC2E043F8400B90540 /* ShoeDetailView.swift */; };
		9EE00C0F2E045C4B00B90540 /* CoreDataModel.xcdatamodeld in Sources */ = {isa = PBXBuildFile; fileRef = 9EE00C0D2E045C4B00B90540 /* CoreDataModel.xcdatamodeld */; };
		9EE00C112E045C9F00B90540 /* CoreDataManager.swift in Sources */ = {isa = PBXBuildFile; fileRef = 9EE00C102E045C9F00B90540 /* CoreDataManager.swift */; };
		9EE00C1F2E05255F00B90540 /* Assets.xcassets in Resources */ = {isa = PBXBuildFile; fileRef = 9EE00C1B2E05255F00B90540 /* Assets.xcassets */; };
		9EE00C252E05307900B90540 /* HeadphonesCard.swift in Sources */ = {isa = PBXBuildFile; fileRef = 9EE00C242E05307900B90540 /* HeadphonesCard.swift */; };
		9EE00C2B2E053E5F00B90540 /* WishListItem.swift in Sources */ = {isa = PBXBuildFile; fileRef = 9EE00C2A2E053E5F00B90540 /* WishListItem.swift */; };
		9EE00C2E2E05723C00B90540 /* PlaceOrderView.swift in Sources */ = {isa = PBXBuildFile; fileRef = 9EE00C2D2E05723C00B90540 /* PlaceOrderView.swift */; };
		9EE00C372E05850E00B90540 /* AddressScreen.swift in Sources */ = {isa = PBXBuildFile; fileRef = 9EE00C352E05850E00B90540 /* AddressScreen.swift */; };
		9EE00C3C2E0587BD00B90540 /* OrderConfirmationView.swift in Sources */ = {isa = PBXBuildFile; fileRef = 9EE00C3B2E0587BD00B90540 /* OrderConfirmationView.swift */; };
		9EE00C402E05A4DF00B90540 /* HelpScreen.swift in Sources */ = {isa = PBXBuildFile; fileRef = 9EE00C3F2E05A4DF00B90540 /* HelpScreen.swift */; };
		9EE00C432E05B31500B90540 /* LoginScreen.swift in Sources */ = {isa = PBXBuildFile; fileRef = 9EE00C422E05B31500B90540 /* LoginScreen.swift */; };
		9EE00C462E05B34800B90540 /* SignupScreen.swift in Sources */ = {isa = PBXBuildFile; fileRef = 9EE00C452E05B34800B90540 /* SignupScreen.swift */; };
		9EE00C512E05B54300B90540 /* CustomTextField.swift in Sources */ = {isa = PBXBuildFile; fileRef = 9EE00C502E05B54300B90540 /* CustomTextField.swift */; };
		9EE00C542E05B86100B90540 /* FirebaseAI in Frameworks */ = {isa = PBXBuildFile; productRef = 9EE00C532E05B86100B90540 /* FirebaseAI */; };
		9EE00C562E05B86100B90540 /* FirebaseAnalytics in Frameworks */ = {isa = PBXBuildFile; productRef = 9EE00C552E05B86100B90540 /* FirebaseAnalytics */; };
		9EE00C582E05B86100B90540 /* FirebaseAnalyticsCore in Frameworks */ = {isa = PBXBuildFile; productRef = 9EE00C572E05B86100B90540 /* FirebaseAnalyticsCore */; };
		9EE00C5A2E05B86100B90540 /* FirebaseAnalyticsIdentitySupport in Frameworks */ = {isa = PBXBuildFile; productRef = 9EE00C592E05B86100B90540 /* FirebaseAnalyticsIdentitySupport */; };
		9EE00C5C2E05B86100B90540 /* FirebaseAnalyticsOnDeviceConversion in Frameworks */ = {isa = PBXBuildFile; productRef = 9EE00C5B2E05B86100B90540 /* FirebaseAnalyticsOnDeviceConversion */; };
		9EE00C5E2E05B86100B90540 /* FirebaseAnalyticsWithoutAdIdSupport in Frameworks */ = {isa = PBXBuildFile; productRef = 9EE00C5D2E05B86100B90540 /* FirebaseAnalyticsWithoutAdIdSupport */; };
		9EE00C602E05B86100B90540 /* FirebaseAppCheck in Frameworks */ = {isa = PBXBuildFile; productRef = 9EE00C5F2E05B86100B90540 /* FirebaseAppCheck */; };
		9EE00C622E05B86100B90540 /* FirebaseAppDistribution-Beta in Frameworks */ = {isa = PBXBuildFile; productRef = 9EE00C612E05B86100B90540 /* FirebaseAppDistribution-Beta */; };
		9EE00C642E05B86100B90540 /* FirebaseAuth in Frameworks */ = {isa = PBXBuildFile; productRef = 9EE00C632E05B86100B90540 /* FirebaseAuth */; };
		9EE00C662E05B86100B90540 /* FirebaseAuthCombine-Community in Frameworks */ = {isa = PBXBuildFile; productRef = 9EE00C652E05B86100B90540 /* FirebaseAuthCombine-Community */; };
		9EE00C682E05B86100B90540 /* FirebaseCore in Frameworks */ = {isa = PBXBuildFile; productRef = 9EE00C672E05B86100B90540 /* FirebaseCore */; };
		9EE00C6A2E05B86100B90540 /* FirebaseCrashlytics in Frameworks */ = {isa = PBXBuildFile; productRef = 9EE00C692E05B86100B90540 /* FirebaseCrashlytics */; };
		9EE00C6C2E05B86100B90540 /* FirebaseDatabase in Frameworks */ = {isa = PBXBuildFile; productRef = 9EE00C6B2E05B86100B90540 /* FirebaseDatabase */; };
		9EE00C6E2E05B86100B90540 /* FirebaseDynamicLinks in Frameworks */ = {isa = PBXBuildFile; productRef = 9EE00C6D2E05B86100B90540 /* FirebaseDynamicLinks */; };
		9EE00C702E05B86100B90540 /* FirebaseFirestore in Frameworks */ = {isa = PBXBuildFile; productRef = 9EE00C6F2E05B86100B90540 /* FirebaseFirestore */; };
		9EE00C722E05B86100B90540 /* FirebaseFirestoreCombine-Community in Frameworks */ = {isa = PBXBuildFile; productRef = 9EE00C712E05B86100B90540 /* FirebaseFirestoreCombine-Community */; };
		9EE00C742E05B86100B90540 /* FirebaseFunctions in Frameworks */ = {isa = PBXBuildFile; productRef = 9EE00C732E05B86100B90540 /* FirebaseFunctions */; };
		9EE00C762E05B86100B90540 /* FirebaseFunctionsCombine-Community in Frameworks */ = {isa = PBXBuildFile; productRef = 9EE00C752E05B86100B90540 /* FirebaseFunctionsCombine-Community */; };
		9EE00C782E05B86100B90540 /* FirebaseInAppMessaging-Beta in Frameworks */ = {isa = PBXBuildFile; productRef = 9EE00C772E05B86100B90540 /* FirebaseInAppMessaging-Beta */; };
		9EE00C7A2E05B86100B90540 /* FirebaseInstallations in Frameworks */ = {isa = PBXBuildFile; productRef = 9EE00C792E05B86100B90540 /* FirebaseInstallations */; };
		9EE00C7C2E05B86100B90540 /* FirebaseMLModelDownloader in Frameworks */ = {isa = PBXBuildFile; productRef = 9EE00C7B2E05B86100B90540 /* FirebaseMLModelDownloader */; };
		9EE00C7E2E05B86100B90540 /* FirebaseMessaging in Frameworks */ = {isa = PBXBuildFile; productRef = 9EE00C7D2E05B86100B90540 /* FirebaseMessaging */; };
		9EE00C802E05B86100B90540 /* FirebasePerformance in Frameworks */ = {isa = PBXBuildFile; productRef = 9EE00C7F2E05B86100B90540 /* FirebasePerformance */; };
		9EE00C822E05B86100B90540 /* FirebaseRemoteConfig in Frameworks */ = {isa = PBXBuildFile; productRef = 9EE00C812E05B86100B90540 /* FirebaseRemoteConfig */; };
		9EE00C842E05B86100B90540 /* FirebaseStorage in Frameworks */ = {isa = PBXBuildFile; productRef = 9EE00C832E05B86100B90540 /* FirebaseStorage */; };
		9EE00C862E05B86100B90540 /* FirebaseStorageCombine-Community in Frameworks */ = {isa = PBXBuildFile; productRef = 9EE00C852E05B86100B90540 /* FirebaseStorageCombine-Community */; };
		9EE00C882E05B86100B90540 /* FirebaseVertexAI in Frameworks */ = {isa = PBXBuildFile; productRef = 9EE00C872E05B86100B90540 /* FirebaseVertexAI */; };
		9EE00C8D2E05BD6400B90540 /* GoogleSignIn in Frameworks */ = {isa = PBXBuildFile; productRef = 9EE00C8C2E05BD6400B90540 /* GoogleSignIn */; };
		9EE00C8F2E05BD6400B90540 /* GoogleSignInSwift in Frameworks */ = {isa = PBXBuildFile; productRef = 9EE00C8E2E05BD6400B90540 /* GoogleSignInSwift */; };
		9EE00C932E05BDF200B90540 /* GoogleService-Info.plist in Resources */ = {isa = PBXBuildFile; fileRef = 9EE00C922E05BDF200B90540 /* GoogleService-Info.plist */; };
		AE2721963E949CCAC97C3B08 /* Pods_ECommerceApp.framework in Frameworks */ = {isa = PBXBuildFile; fileRef = 38B9BA18BC8C1DC5C173839D /* Pods_ECommerceApp.framework */; };
/* End PBXBuildFile section */

/* Begin PBXContainerItemProxy section */
		9EE00B7C2E02DA7100B90540 /* PBXContainerItemProxy */ = {
			isa = PBXContainerItemProxy;
			containerPortal = 9EE00B662E02DA6F00B90540 /* Project object */;
			proxyType = 1;
			remoteGlobalIDString = 9EE00B6D2E02DA6F00B90540;
			remoteInfo = ECommerceApp;
		};
		9EE00B862E02DA7100B90540 /* PBXContainerItemProxy */ = {
			isa = PBXContainerItemProxy;
			containerPortal = 9EE00B662E02DA6F00B90540 /* Project object */;
			proxyType = 1;
			remoteGlobalIDString = 9EE00B6D2E02DA6F00B90540;
			remoteInfo = ECommerceApp;
		};
/* End PBXContainerItemProxy section */

/* Begin PBXFileReference section */
		224D692B4FB620AD34128FD5 /* Pods-ECommerceAppTests.debug.xcconfig */ = {isa = PBXFileReference; includeInIndex = 1; lastKnownFileType = text.xcconfig; name = "Pods-ECommerceAppTests.debug.xcconfig"; path = "Target Support Files/Pods-ECommerceAppTests/Pods-ECommerceAppTests.debug.xcconfig"; sourceTree = "<group>"; };
		349575FEBE62783665E1836C /* Pods-ECommerceApp.release.xcconfig */ = {isa = PBXFileReference; includeInIndex = 1; lastKnownFileType = text.xcconfig; name = "Pods-ECommerceApp.release.xcconfig"; path = "Target Support Files/Pods-ECommerceApp/Pods-ECommerceApp.release.xcconfig"; sourceTree = "<group>"; };
		38B9BA18BC8C1DC5C173839D /* Pods_ECommerceApp.framework */ = {isa = PBXFileReference; explicitFileType = wrapper.framework; includeInIndex = 0; path = Pods_ECommerceApp.framework; sourceTree = BUILT_PRODUCTS_DIR; };
		6C36C7592D61C301E94F589D /* Pods_ECommerceApp_ECommerceAppUITests.framework */ = {isa = PBXFileReference; explicitFileType = wrapper.framework; includeInIndex = 0; path = Pods_ECommerceApp_ECommerceAppUITests.framework; sourceTree = BUILT_PRODUCTS_DIR; };
		705A2048291B6654730833D0 /* Pods-ECommerceApp-ECommerceAppUITests.release.xcconfig */ = {isa = PBXFileReference; includeInIndex = 1; lastKnownFileType = text.xcconfig; name = "Pods-ECommerceApp-ECommerceAppUITests.release.xcconfig"; path = "Target Support Files/Pods-ECommerceApp-ECommerceAppUITests/Pods-ECommerceApp-ECommerceAppUITests.release.xcconfig"; sourceTree = "<group>"; };
		920BCBA33795141C6BB227FB /* Pods-ECommerceApp-ECommerceAppUITests.debug.xcconfig */ = {isa = PBXFileReference; includeInIndex = 1; lastKnownFileType = text.xcconfig; name = "Pods-ECommerceApp-ECommerceAppUITests.debug.xcconfig"; path = "Target Support Files/Pods-ECommerceApp-ECommerceAppUITests/Pods-ECommerceApp-ECommerceAppUITests.debug.xcconfig"; sourceTree = "<group>"; };
		946BAC6EF94BF3E509936068 /* Pods_ECommerceAppTests.framework */ = {isa = PBXFileReference; explicitFileType = wrapper.framework; includeInIndex = 0; path = Pods_ECommerceAppTests.framework; sourceTree = BUILT_PRODUCTS_DIR; };
		9ED6A3312E094A470000FF9D /* StripePaymentView.swift */ = {isa = PBXFileReference; lastKnownFileType = sourcecode.swift; path = StripePaymentView.swift; sourceTree = "<group>"; };
		9ED6A3332E094D700000FF9D /* StripeCardField.swift */ = {isa = PBXFileReference; lastKnownFileType = sourcecode.swift; path = StripeCardField.swift; sourceTree = "<group>"; };
		9ED6A3352E0952E50000FF9D /* StripeAuthContext.swift */ = {isa = PBXFileReference; lastKnownFileType = sourcecode.swift; path = StripeAuthContext.swift; sourceTree = "<group>"; };
		9EE00B6E2E02DA6F00B90540 /* ECommerceApp.app */ = {isa = PBXFileReference; explicitFileType = wrapper.application; includeInIndex = 0; path = ECommerceApp.app; sourceTree = BUILT_PRODUCTS_DIR; };
		9EE00B7B2E02DA7100B90540 /* ECommerceAppTests.xctest */ = {isa = PBXFileReference; explicitFileType = wrapper.cfbundle; includeInIndex = 0; path = ECommerceAppTests.xctest; sourceTree = BUILT_PRODUCTS_DIR; };
		9EE00B852E02DA7100B90540 /* ECommerceAppUITests.xctest */ = {isa = PBXFileReference; explicitFileType = wrapper.cfbundle; includeInIndex = 0; path = ECommerceAppUITests.xctest; sourceTree = BUILT_PRODUCTS_DIR; };
		9EE00B9A2E02DA7F00B90540 /* ECommerceAppApp.swift */ = {isa = PBXFileReference; lastKnownFileType = sourcecode.swift; path = ECommerceAppApp.swift; sourceTree = "<group>"; };
		9EE00BA12E02DAA000B90540 /* HomeScreen.swift */ = {isa = PBXFileReference; lastKnownFileType = sourcecode.swift; path = HomeScreen.swift; sourceTree = "<group>"; };
		9EE00BA32E02DAB100B90540 /* SearchView.swift */ = {isa = PBXFileReference; lastKnownFileType = sourcecode.swift; path = SearchView.swift; sourceTree = "<group>"; };
		9EE00BA52E02DBB200B90540 /* Model.swift */ = {isa = PBXFileReference; lastKnownFileType = sourcecode.swift; path = Model.swift; sourceTree = "<group>"; };
		9EE00BA72E02DBD700B90540 /* CardView.swift */ = {isa = PBXFileReference; lastKnownFileType = sourcecode.swift; path = CardView.swift; sourceTree = "<group>"; };
		9EE00BAB2E02E8CD00B90540 /* ProductCard.swift */ = {isa = PBXFileReference; lastKnownFileType = sourcecode.swift; path = ProductCard.swift; sourceTree = "<group>"; };
		9EE00BAD2E02ED0A00B90540 /* ShirtCardView.swift */ = {isa = PBXFileReference; lastKnownFileType = sourcecode.swift; path = ShirtCardView.swift; sourceTree = "<group>"; };
		9EE00BB52E0304CE00B90540 /* ShoesCardView.swift */ = {isa = PBXFileReference; lastKnownFileType = sourcecode.swift; path = ShoesCardView.swift; sourceTree = "<group>"; };
		9EE00BDC2E03E4C400B90540 /* TabView.swift */ = {isa = PBXFileReference; lastKnownFileType = sourcecode.swift; path = TabView.swift; sourceTree = "<group>"; };
		9EE00BE72E03E83600B90540 /* ProfileScreen.swift */ = {isa = PBXFileReference; lastKnownFileType = sourcecode.swift; path = ProfileScreen.swift; sourceTree = "<group>"; };
		9EE00BE92E03EA3B00B90540 /* AddToCartView.swift */ = {isa = PBXFileReference; lastKnownFileType = sourcecode.swift; path = AddToCartView.swift; sourceTree = "<group>"; };
		9EE00BEB2E04042A00B90540 /* CategoryScreen.swift */ = {isa = PBXFileReference; lastKnownFileType = sourcecode.swift; path = CategoryScreen.swift; sourceTree = "<group>"; };
		9EE00BF02E040FE200B90540 /* CategoryCard.swift */ = {isa = PBXFileReference; lastKnownFileType = sourcecode.swift; path = CategoryCard.swift; sourceTree = "<group>"; };
		9EE00BF42E04356000B90540 /* PantCardView.swift */ = {isa = PBXFileReference; lastKnownFileType = sourcecode.swift; path = PantCardView.swift; sourceTree = "<group>"; };
		9EE00BF82E043C6C00B90540 /* ShirtDetailView.swift */ = {isa = PBXFileReference; lastKnownFileType = sourcecode.swift; path = ShirtDetailView.swift; sourceTree = "<group>"; };
		9EE00BFA2E043F1B00B90540 /* PantDetailView.swift */ = {isa = PBXFileReference; lastKnownFileType = sourcecode.swift; path = PantDetailView.swift; sourceTree = "<group>"; };
		9EE00BFC2E043F8400B90540 /* ShoeDetailView.swift */ = {isa = PBXFileReference; lastKnownFileType = sourcecode.swift; path = ShoeDetailView.swift; sourceTree = "<group>"; };
		9EE00C0E2E045C4B00B90540 /* CoreDataModel.xcdatamodel */ = {isa = PBXFileReference; lastKnownFileType = wrapper.xcdatamodel; path = CoreDataModel.xcdatamodel; sourceTree = "<group>"; };
		9EE00C102E045C9F00B90540 /* CoreDataManager.swift */ = {isa = PBXFileReference; lastKnownFileType = sourcecode.swift; path = CoreDataManager.swift; sourceTree = "<group>"; };
		9EE00C1B2E05255F00B90540 /* Assets.xcassets */ = {isa = PBXFileReference; lastKnownFileType = folder.assetcatalog; path = Assets.xcassets; sourceTree = "<group>"; };
		9EE00C242E05307900B90540 /* HeadphonesCard.swift */ = {isa = PBXFileReference; lastKnownFileType = sourcecode.swift; path = HeadphonesCard.swift; sourceTree = "<group>"; };
		9EE00C2A2E053E5F00B90540 /* WishListItem.swift */ = {isa = PBXFileReference; lastKnownFileType = sourcecode.swift; path = WishListItem.swift; sourceTree = "<group>"; };
		9EE00C2D2E05723C00B90540 /* PlaceOrderView.swift */ = {isa = PBXFileReference; lastKnownFileType = sourcecode.swift; path = PlaceOrderView.swift; sourceTree = "<group>"; };
		9EE00C352E05850E00B90540 /* AddressScreen.swift */ = {isa = PBXFileReference; lastKnownFileType = sourcecode.swift; path = AddressScreen.swift; sourceTree = "<group>"; };
		9EE00C3B2E0587BD00B90540 /* OrderConfirmationView.swift */ = {isa = PBXFileReference; lastKnownFileType = sourcecode.swift; path = OrderConfirmationView.swift; sourceTree = "<group>"; };
		9EE00C3F2E05A4DF00B90540 /* HelpScreen.swift */ = {isa = PBXFileReference; lastKnownFileType = sourcecode.swift; path = HelpScreen.swift; sourceTree = "<group>"; };
		9EE00C422E05B31500B90540 /* LoginScreen.swift */ = {isa = PBXFileReference; lastKnownFileType = sourcecode.swift; path = LoginScreen.swift; sourceTree = "<group>"; };
		9EE00C452E05B34800B90540 /* SignupScreen.swift */ = {isa = PBXFileReference; lastKnownFileType = sourcecode.swift; path = SignupScreen.swift; sourceTree = "<group>"; };
		9EE00C502E05B54300B90540 /* CustomTextField.swift */ = {isa = PBXFileReference; lastKnownFileType = sourcecode.swift; path = CustomTextField.swift; sourceTree = "<group>"; };
		9EE00C922E05BDF200B90540 /* GoogleService-Info.plist */ = {isa = PBXFileReference; lastKnownFileType = text.plist.xml; path = "GoogleService-Info.plist"; sourceTree = "<group>"; };
		9EE00C942E05BE7100B90540 /* Info.plist */ = {isa = PBXFileReference; lastKnownFileType = text.plist; path = Info.plist; sourceTree = "<group>"; };
		9EE00C952E05BEA600B90540 /* ECommerceApp.entitlements */ = {isa = PBXFileReference; lastKnownFileType = text.plist.entitlements; path = ECommerceApp.entitlements; sourceTree = "<group>"; };
		CD13AC4783A8780581055E2F /* Pods-ECommerceApp.debug.xcconfig */ = {isa = PBXFileReference; includeInIndex = 1; lastKnownFileType = text.xcconfig; name = "Pods-ECommerceApp.debug.xcconfig"; path = "Target Support Files/Pods-ECommerceApp/Pods-ECommerceApp.debug.xcconfig"; sourceTree = "<group>"; };
		EEBAB69D6D9B14DDB4DDB51A /* Pods-ECommerceAppTests.release.xcconfig */ = {isa = PBXFileReference; includeInIndex = 1; lastKnownFileType = text.xcconfig; name = "Pods-ECommerceAppTests.release.xcconfig"; path = "Target Support Files/Pods-ECommerceAppTests/Pods-ECommerceAppTests.release.xcconfig"; sourceTree = "<group>"; };
/* End PBXFileReference section */

/* Begin PBXFileSystemSynchronizedRootGroup section */
		9EE00B7E2E02DA7100B90540 /* ECommerceAppTests */ = {
			isa = PBXFileSystemSynchronizedRootGroup;
			path = ECommerceAppTests;
			sourceTree = "<group>";
		};
		9EE00B882E02DA7100B90540 /* ECommerceAppUITests */ = {
			isa = PBXFileSystemSynchronizedRootGroup;
			path = ECommerceAppUITests;
			sourceTree = "<group>";
		};
		9EE00C362E05850E00B90540 /* AddressScreen */ = {
			isa = PBXFileSystemSynchronizedRootGroup;
			path = AddressScreen;
			sourceTree = "<group>";
		};
/* End PBXFileSystemSynchronizedRootGroup section */

/* Begin PBXFrameworksBuildPhase section */
		9EE00B6B2E02DA6F00B90540 /* Frameworks */ = {
			isa = PBXFrameworksBuildPhase;
			buildActionMask = 2147483647;
			files = (
				9EE00C742E05B86100B90540 /* FirebaseFunctions in Frameworks */,
				9EE00C6C2E05B86100B90540 /* FirebaseDatabase in Frameworks */,
				9EE00C5A2E05B86100B90540 /* FirebaseAnalyticsIdentitySupport in Frameworks */,
				9ED6A31B2E093B970000FF9D /* StripeFinancialConnections in Frameworks */,
				9ED6A3212E093B970000FF9D /* StripePayments in Frameworks */,
				9EE00C842E05B86100B90540 /* FirebaseStorage in Frameworks */,
				9ED6A3172E093B970000FF9D /* StripeCardScan in Frameworks */,
				9EE00C5E2E05B86100B90540 /* FirebaseAnalyticsWithoutAdIdSupport in Frameworks */,
				9ED6A3132E093B970000FF9D /* Stripe in Frameworks */,
				9EE00C682E05B86100B90540 /* FirebaseCore in Frameworks */,
				9EE00C562E05B86100B90540 /* FirebaseAnalytics in Frameworks */,
				9EE00C8F2E05BD6400B90540 /* GoogleSignInSwift in Frameworks */,
				9EE00C7C2E05B86100B90540 /* FirebaseMLModelDownloader in Frameworks */,
				9EE00C6E2E05B86100B90540 /* FirebaseDynamicLinks in Frameworks */,
				9EE00C5C2E05B86100B90540 /* FirebaseAnalyticsOnDeviceConversion in Frameworks */,
				9ED6A3192E093B970000FF9D /* StripeConnect in Frameworks */,
				9ED6A3152E093B970000FF9D /* StripeApplePay in Frameworks */,
				9ED6A31F2E093B970000FF9D /* StripePaymentSheet in Frameworks */,
				9EE00C642E05B86100B90540 /* FirebaseAuth in Frameworks */,
				9ED6A31D2E093B970000FF9D /* StripeIdentity in Frameworks */,
				9EE00C702E05B86100B90540 /* FirebaseFirestore in Frameworks */,
				9EE00C722E05B86100B90540 /* FirebaseFirestoreCombine-Community in Frameworks */,
				9EE00C8D2E05BD6400B90540 /* GoogleSignIn in Frameworks */,
				9EE00C882E05B86100B90540 /* FirebaseVertexAI in Frameworks */,
				9EE00C782E05B86100B90540 /* FirebaseInAppMessaging-Beta in Frameworks */,
				9EE00C762E05B86100B90540 /* FirebaseFunctionsCombine-Community in Frameworks */,
				9EE00C602E05B86100B90540 /* FirebaseAppCheck in Frameworks */,
				9EE00C862E05B86100B90540 /* FirebaseStorageCombine-Community in Frameworks */,
				9EE00C822E05B86100B90540 /* FirebaseRemoteConfig in Frameworks */,
				9EE00C582E05B86100B90540 /* FirebaseAnalyticsCore in Frameworks */,
				9EE00C542E05B86100B90540 /* FirebaseAI in Frameworks */,
				9EE00C802E05B86100B90540 /* FirebasePerformance in Frameworks */,
				9EE00C6A2E05B86100B90540 /* FirebaseCrashlytics in Frameworks */,
				9EE00C622E05B86100B90540 /* FirebaseAppDistribution-Beta in Frameworks */,
				9EE00C662E05B86100B90540 /* FirebaseAuthCombine-Community in Frameworks */,
				9EE00C7E2E05B86100B90540 /* FirebaseMessaging in Frameworks */,
				9ED6A3232E093B970000FF9D /* StripePaymentsUI in Frameworks */,
				9EE00C7A2E05B86100B90540 /* FirebaseInstallations in Frameworks */,
				AE2721963E949CCAC97C3B08 /* Pods_ECommerceApp.framework in Frameworks */,
			);
			runOnlyForDeploymentPostprocessing = 0;
		};
		9EE00B782E02DA7100B90540 /* Frameworks */ = {
			isa = PBXFrameworksBuildPhase;
			buildActionMask = 2147483647;
			files = (
				7115BDE32D499FDBE19CC579 /* Pods_ECommerceAppTests.framework in Frameworks */,
			);
			runOnlyForDeploymentPostprocessing = 0;
		};
		9EE00B822E02DA7100B90540 /* Frameworks */ = {
			isa = PBXFrameworksBuildPhase;
			buildActionMask = 2147483647;
			files = (
				64C0A328C569F668E5EBD048 /* Pods_ECommerceApp_ECommerceAppUITests.framework in Frameworks */,
			);
			runOnlyForDeploymentPostprocessing = 0;
		};
/* End PBXFrameworksBuildPhase section */

/* Begin PBXGroup section */
		6B09F28E8FC27A8E62D883E9 /* Frameworks */ = {
			isa = PBXGroup;
			children = (
				38B9BA18BC8C1DC5C173839D /* Pods_ECommerceApp.framework */,
				6C36C7592D61C301E94F589D /* Pods_ECommerceApp_ECommerceAppUITests.framework */,
				946BAC6EF94BF3E509936068 /* Pods_ECommerceAppTests.framework */,
			);
			name = Frameworks;
			sourceTree = "<group>";
		};
		9ED6A3302E0949A80000FF9D /* PaymentView */ = {
			isa = PBXGroup;
			children = (
				9ED6A3312E094A470000FF9D /* StripePaymentView.swift */,
				9ED6A3332E094D700000FF9D /* StripeCardField.swift */,
				9ED6A3352E0952E50000FF9D /* StripeAuthContext.swift */,
			);
			path = PaymentView;
			sourceTree = "<group>";
		};
		9EE00B652E02DA6F00B90540 = {
			isa = PBXGroup;
			children = (
				9EE00B9B2E02DA7F00B90540 /* ECommerceApp */,
				9EE00B7E2E02DA7100B90540 /* ECommerceAppTests */,
				9EE00B882E02DA7100B90540 /* ECommerceAppUITests */,
				9EE00B6F2E02DA6F00B90540 /* Products */,
				AF1BCACA0B2031983592270C /* Pods */,
				6B09F28E8FC27A8E62D883E9 /* Frameworks */,
			);
			sourceTree = "<group>";
		};
		9EE00B6F2E02DA6F00B90540 /* Products */ = {
			isa = PBXGroup;
			children = (
				9EE00B6E2E02DA6F00B90540 /* ECommerceApp.app */,
				9EE00B7B2E02DA7100B90540 /* ECommerceAppTests.xctest */,
				9EE00B852E02DA7100B90540 /* ECommerceAppUITests.xctest */,
			);
			name = Products;
			sourceTree = "<group>";
		};
		9EE00B9B2E02DA7F00B90540 /* ECommerceApp */ = {
			isa = PBXGroup;
			children = (
				9EE00C952E05BEA600B90540 /* ECommerceApp.entitlements */,
				9EE00C942E05BE7100B90540 /* Info.plist */,
				9EE00C922E05BDF200B90540 /* GoogleService-Info.plist */,
				9EE00B9A2E02DA7F00B90540 /* ECommerceAppApp.swift */,
				9EE00BDC2E03E4C400B90540 /* TabView.swift */,
				9EE00BEF2E040F4300B90540 /* Model */,
				9EE00BEE2E040F3900B90540 /* ViewModel */,
				9EE00BED2E040F3500B90540 /* View */,
				9ED6A3302E0949A80000FF9D /* PaymentView */,
				9EE00C962E05BFE900B90540 /* CoreData */,
				9EE00C1B2E05255F00B90540 /* Assets.xcassets */,
			);
			path = ECommerceApp;
			sourceTree = "<group>";
		};
		9EE00BED2E040F3500B90540 /* View */ = {
			isa = PBXGroup;
			children = (
				9EE00C442E05B32B00B90540 /* SignupPage */,
				9EE00C412E05B2FE00B90540 /* LoginPage */,
				9EE00C072E04580200B90540 /* HomeScreen */,
				9EE00C092E04598200B90540 /* CategoryScreen */,
				9EE00C0B2E0459C400B90540 /* CartScreen */,
				9EE00C0C2E0459DA00B90540 /* ProfileScreen */,
			);
			path = View;
			sourceTree = "<group>";
		};
		9EE00BEE2E040F3900B90540 /* ViewModel */ = {
			isa = PBXGroup;
			children = (
				9EE00BA72E02DBD700B90540 /* CardView.swift */,
				9EE00BB52E0304CE00B90540 /* ShoesCardView.swift */,
				9EE00BAD2E02ED0A00B90540 /* ShirtCardView.swift */,
				9EE00BF42E04356000B90540 /* PantCardView.swift */,
				9EE00BF02E040FE200B90540 /* CategoryCard.swift */,
				9EE00BAB2E02E8CD00B90540 /* ProductCard.swift */,
				9EE00C242E05307900B90540 /* HeadphonesCard.swift */,
			);
			path = ViewModel;
			sourceTree = "<group>";
		};
		9EE00BEF2E040F4300B90540 /* Model */ = {
			isa = PBXGroup;
			children = (
				9EE00BA52E02DBB200B90540 /* Model.swift */,
			);
			path = Model;
			sourceTree = "<group>";
		};
		9EE00C072E04580200B90540 /* HomeScreen */ = {
			isa = PBXGroup;
			children = (
				9EE00BA12E02DAA000B90540 /* HomeScreen.swift */,
				9EE00BA32E02DAB100B90540 /* SearchView.swift */,
				9EE00BF82E043C6C00B90540 /* ShirtDetailView.swift */,
				9EE00BFA2E043F1B00B90540 /* PantDetailView.swift */,
				9EE00BFC2E043F8400B90540 /* ShoeDetailView.swift */,
			);
			path = HomeScreen;
			sourceTree = "<group>";
		};
		9EE00C092E04598200B90540 /* CategoryScreen */ = {
			isa = PBXGroup;
			children = (
				9EE00BEB2E04042A00B90540 /* CategoryScreen.swift */,
			);
			path = CategoryScreen;
			sourceTree = "<group>";
		};
		9EE00C0B2E0459C400B90540 /* CartScreen */ = {
			isa = PBXGroup;
			children = (
				9EE00BE92E03EA3B00B90540 /* AddToCartView.swift */,
				9EE00C2C2E0571DB00B90540 /* Orders */,
			);
			path = CartScreen;
			sourceTree = "<group>";
		};
		9EE00C0C2E0459DA00B90540 /* ProfileScreen */ = {
			isa = PBXGroup;
			children = (
				9EE00BE72E03E83600B90540 /* ProfileScreen.swift */,
				9EE00C3F2E05A4DF00B90540 /* HelpScreen.swift */,
				9EE00C292E053E3C00B90540 /* LikedItems */,
				9EE00C3A2E0587AB00B90540 /* Order */,
				9EE00C362E05850E00B90540 /* AddressScreen */,
			);
			path = ProfileScreen;
			sourceTree = "<group>";
		};
		9EE00C292E053E3C00B90540 /* LikedItems */ = {
			isa = PBXGroup;
			children = (
				9EE00C2A2E053E5F00B90540 /* WishListItem.swift */,
			);
			path = LikedItems;
			sourceTree = "<group>";
		};
		9EE00C2C2E0571DB00B90540 /* Orders */ = {
			isa = PBXGroup;
			children = (
				9EE00C2D2E05723C00B90540 /* PlaceOrderView.swift */,
				9EE00C352E05850E00B90540 /* AddressScreen.swift */,
			);
			path = Orders;
			sourceTree = "<group>";
		};
		9EE00C3A2E0587AB00B90540 /* Order */ = {
			isa = PBXGroup;
			children = (
				9EE00C3B2E0587BD00B90540 /* OrderConfirmationView.swift */,
			);
			path = Order;
			sourceTree = "<group>";
		};
		9EE00C412E05B2FE00B90540 /* LoginPage */ = {
			isa = PBXGroup;
			children = (
				9EE00C422E05B31500B90540 /* LoginScreen.swift */,
				9EE00C502E05B54300B90540 /* CustomTextField.swift */,
			);
			path = LoginPage;
			sourceTree = "<group>";
		};
		9EE00C442E05B32B00B90540 /* SignupPage */ = {
			isa = PBXGroup;
			children = (
				9EE00C452E05B34800B90540 /* SignupScreen.swift */,
			);
			path = SignupPage;
			sourceTree = "<group>";
		};
		9EE00C962E05BFE900B90540 /* CoreData */ = {
			isa = PBXGroup;
			children = (
				9EE00C102E045C9F00B90540 /* CoreDataManager.swift */,
				9EE00C0D2E045C4B00B90540 /* CoreDataModel.xcdatamodeld */,
			);
			path = CoreData;
			sourceTree = "<group>";
		};
		AF1BCACA0B2031983592270C /* Pods */ = {
			isa = PBXGroup;
			children = (
				CD13AC4783A8780581055E2F /* Pods-ECommerceApp.debug.xcconfig */,
				349575FEBE62783665E1836C /* Pods-ECommerceApp.release.xcconfig */,
				920BCBA33795141C6BB227FB /* Pods-ECommerceApp-ECommerceAppUITests.debug.xcconfig */,
				705A2048291B6654730833D0 /* Pods-ECommerceApp-ECommerceAppUITests.release.xcconfig */,
				224D692B4FB620AD34128FD5 /* Pods-ECommerceAppTests.debug.xcconfig */,
				EEBAB69D6D9B14DDB4DDB51A /* Pods-ECommerceAppTests.release.xcconfig */,
			);
			path = Pods;
			sourceTree = "<group>";
		};
/* End PBXGroup section */

/* Begin PBXNativeTarget section */
		9EE00B6D2E02DA6F00B90540 /* ECommerceApp */ = {
			isa = PBXNativeTarget;
			buildConfigurationList = 9EE00B8F2E02DA7100B90540 /* Build configuration list for PBXNativeTarget "ECommerceApp" */;
			buildPhases = (
				4435579FF46E14E78972F07D /* [CP] Check Pods Manifest.lock */,
				9EE00B6A2E02DA6F00B90540 /* Sources */,
				9EE00B6B2E02DA6F00B90540 /* Frameworks */,
				9EE00B6C2E02DA6F00B90540 /* Resources */,
			);
			buildRules = (
			);
			dependencies = (
			);
			name = ECommerceApp;
			packageProductDependencies = (
				9EE00C532E05B86100B90540 /* FirebaseAI */,
				9EE00C552E05B86100B90540 /* FirebaseAnalytics */,
				9EE00C572E05B86100B90540 /* FirebaseAnalyticsCore */,
				9EE00C592E05B86100B90540 /* FirebaseAnalyticsIdentitySupport */,
				9EE00C5B2E05B86100B90540 /* FirebaseAnalyticsOnDeviceConversion */,
				9EE00C5D2E05B86100B90540 /* FirebaseAnalyticsWithoutAdIdSupport */,
				9EE00C5F2E05B86100B90540 /* FirebaseAppCheck */,
				9EE00C612E05B86100B90540 /* FirebaseAppDistribution-Beta */,
				9EE00C632E05B86100B90540 /* FirebaseAuth */,
				9EE00C652E05B86100B90540 /* FirebaseAuthCombine-Community */,
				9EE00C672E05B86100B90540 /* FirebaseCore */,
				9EE00C692E05B86100B90540 /* FirebaseCrashlytics */,
				9EE00C6B2E05B86100B90540 /* FirebaseDatabase */,
				9EE00C6D2E05B86100B90540 /* FirebaseDynamicLinks */,
				9EE00C6F2E05B86100B90540 /* FirebaseFirestore */,
				9EE00C712E05B86100B90540 /* FirebaseFirestoreCombine-Community */,
				9EE00C732E05B86100B90540 /* FirebaseFunctions */,
				9EE00C752E05B86100B90540 /* FirebaseFunctionsCombine-Community */,
				9EE00C772E05B86100B90540 /* FirebaseInAppMessaging-Beta */,
				9EE00C792E05B86100B90540 /* FirebaseInstallations */,
				9EE00C7B2E05B86100B90540 /* FirebaseMLModelDownloader */,
				9EE00C7D2E05B86100B90540 /* FirebaseMessaging */,
				9EE00C7F2E05B86100B90540 /* FirebasePerformance */,
				9EE00C812E05B86100B90540 /* FirebaseRemoteConfig */,
				9EE00C832E05B86100B90540 /* FirebaseStorage */,
				9EE00C852E05B86100B90540 /* FirebaseStorageCombine-Community */,
				9EE00C872E05B86100B90540 /* FirebaseVertexAI */,
				9EE00C8C2E05BD6400B90540 /* GoogleSignIn */,
				9EE00C8E2E05BD6400B90540 /* GoogleSignInSwift */,
				9ED6A3122E093B970000FF9D /* Stripe */,
				9ED6A3142E093B970000FF9D /* StripeApplePay */,
				9ED6A3162E093B970000FF9D /* StripeCardScan */,
				9ED6A3182E093B970000FF9D /* StripeConnect */,
				9ED6A31A2E093B970000FF9D /* StripeFinancialConnections */,
				9ED6A31C2E093B970000FF9D /* StripeIdentity */,
				9ED6A31E2E093B970000FF9D /* StripePaymentSheet */,
				9ED6A3202E093B970000FF9D /* StripePayments */,
				9ED6A3222E093B970000FF9D /* StripePaymentsUI */,
			);
			productName = ECommerceApp;
			productReference = 9EE00B6E2E02DA6F00B90540 /* ECommerceApp.app */;
			productType = "com.apple.product-type.application";
		};
		9EE00B7A2E02DA7100B90540 /* ECommerceAppTests */ = {
			isa = PBXNativeTarget;
			buildConfigurationList = 9EE00B922E02DA7100B90540 /* Build configuration list for PBXNativeTarget "ECommerceAppTests" */;
			buildPhases = (
				CC6A157B341F9F5BFB3C0F68 /* [CP] Check Pods Manifest.lock */,
				9EE00B772E02DA7100B90540 /* Sources */,
				9EE00B782E02DA7100B90540 /* Frameworks */,
				9EE00B792E02DA7100B90540 /* Resources */,
			);
			buildRules = (
			);
			dependencies = (
				9EE00B7D2E02DA7100B90540 /* PBXTargetDependency */,
			);
			fileSystemSynchronizedGroups = (
				9EE00B7E2E02DA7100B90540 /* ECommerceAppTests */,
				9EE00C362E05850E00B90540 /* AddressScreen */,
			);
			name = ECommerceAppTests;
			productName = ECommerceAppTests;
			productReference = 9EE00B7B2E02DA7100B90540 /* ECommerceAppTests.xctest */;
			productType = "com.apple.product-type.bundle.unit-test";
		};
		9EE00B842E02DA7100B90540 /* ECommerceAppUITests */ = {
			isa = PBXNativeTarget;
			buildConfigurationList = 9EE00B952E02DA7100B90540 /* Build configuration list for PBXNativeTarget "ECommerceAppUITests" */;
			buildPhases = (
				2939278C619FBF0454F9E83F /* [CP] Check Pods Manifest.lock */,
				9EE00B812E02DA7100B90540 /* Sources */,
				9EE00B822E02DA7100B90540 /* Frameworks */,
				9EE00B832E02DA7100B90540 /* Resources */,
			);
			buildRules = (
			);
			dependencies = (
				9EE00B872E02DA7100B90540 /* PBXTargetDependency */,
			);
			fileSystemSynchronizedGroups = (
				9EE00B882E02DA7100B90540 /* ECommerceAppUITests */,
			);
			name = ECommerceAppUITests;
			productName = ECommerceAppUITests;
			productReference = 9EE00B852E02DA7100B90540 /* ECommerceAppUITests.xctest */;
			productType = "com.apple.product-type.bundle.ui-testing";
		};
/* End PBXNativeTarget section */

/* Begin PBXProject section */
		9EE00B662E02DA6F00B90540 /* Project object */ = {
			isa = PBXProject;
			attributes = {
				BuildIndependentTargetsInParallel = 1;
				LastSwiftUpdateCheck = 1640;
				LastUpgradeCheck = 1640;
				TargetAttributes = {
					9EE00B6D2E02DA6F00B90540 = {
						CreatedOnToolsVersion = 16.4;
					};
					9EE00B7A2E02DA7100B90540 = {
						CreatedOnToolsVersion = 16.4;
						TestTargetID = 9EE00B6D2E02DA6F00B90540;
					};
					9EE00B842E02DA7100B90540 = {
						CreatedOnToolsVersion = 16.4;
						TestTargetID = 9EE00B6D2E02DA6F00B90540;
					};
				};
			};
			buildConfigurationList = 9EE00B692E02DA6F00B90540 /* Build configuration list for PBXProject "ECommerceApp" */;
			developmentRegion = en;
			hasScannedForEncodings = 0;
			knownRegions = (
				en,
				Base,
			);
			mainGroup = 9EE00B652E02DA6F00B90540;
			minimizedProjectReferenceProxies = 1;
			packageReferences = (
				9EE00C522E05B86100B90540 /* XCRemoteSwiftPackageReference "firebase-ios-sdk" */,
				9EE00C8B2E05BD6400B90540 /* XCRemoteSwiftPackageReference "GoogleSignIn-iOS" */,
				9ED6A3112E093B970000FF9D /* XCRemoteSwiftPackageReference "stripe-ios" */,
			);
			preferredProjectObjectVersion = 77;
			productRefGroup = 9EE00B6F2E02DA6F00B90540 /* Products */;
			projectDirPath = "";
			projectRoot = "";
			targets = (
				9EE00B6D2E02DA6F00B90540 /* ECommerceApp */,
				9EE00B7A2E02DA7100B90540 /* ECommerceAppTests */,
				9EE00B842E02DA7100B90540 /* ECommerceAppUITests */,
			);
		};
/* End PBXProject section */

/* Begin PBXResourcesBuildPhase section */
		9EE00B6C2E02DA6F00B90540 /* Resources */ = {
			isa = PBXResourcesBuildPhase;
			buildActionMask = 2147483647;
			files = (
				9EE00C932E05BDF200B90540 /* GoogleService-Info.plist in Resources */,
				9EE00C1F2E05255F00B90540 /* Assets.xcassets in Resources */,
			);
			runOnlyForDeploymentPostprocessing = 0;
		};
		9EE00B792E02DA7100B90540 /* Resources */ = {
			isa = PBXResourcesBuildPhase;
			buildActionMask = 2147483647;
			files = (
			);
			runOnlyForDeploymentPostprocessing = 0;
		};
		9EE00B832E02DA7100B90540 /* Resources */ = {
			isa = PBXResourcesBuildPhase;
			buildActionMask = 2147483647;
			files = (
			);
			runOnlyForDeploymentPostprocessing = 0;
		};
/* End PBXResourcesBuildPhase section */

/* Begin PBXShellScriptBuildPhase section */
		2939278C619FBF0454F9E83F /* [CP] Check Pods Manifest.lock */ = {
			isa = PBXShellScriptBuildPhase;
			buildActionMask = 2147483647;
			files = (
			);
			inputFileListPaths = (
			);
			inputPaths = (
				"${PODS_PODFILE_DIR_PATH}/Podfile.lock",
				"${PODS_ROOT}/Manifest.lock",
			);
			name = "[CP] Check Pods Manifest.lock";
			outputFileListPaths = (
			);
			outputPaths = (
				"$(DERIVED_FILE_DIR)/Pods-ECommerceApp-ECommerceAppUITests-checkManifestLockResult.txt",
			);
			runOnlyForDeploymentPostprocessing = 0;
			shellPath = /bin/sh;
			shellScript = "diff \"${PODS_PODFILE_DIR_PATH}/Podfile.lock\" \"${PODS_ROOT}/Manifest.lock\" > /dev/null\nif [ $? != 0 ] ; then\n    # print error to STDERR\n    echo \"error: The sandbox is not in sync with the Podfile.lock. Run 'pod install' or update your CocoaPods installation.\" >&2\n    exit 1\nfi\n# This output is used by Xcode 'outputs' to avoid re-running this script phase.\necho \"SUCCESS\" > \"${SCRIPT_OUTPUT_FILE_0}\"\n";
			showEnvVarsInLog = 0;
		};
		4435579FF46E14E78972F07D /* [CP] Check Pods Manifest.lock */ = {
			isa = PBXShellScriptBuildPhase;
			buildActionMask = 2147483647;
			files = (
			);
			inputFileListPaths = (
			);
			inputPaths = (
				"${PODS_PODFILE_DIR_PATH}/Podfile.lock",
				"${PODS_ROOT}/Manifest.lock",
			);
			name = "[CP] Check Pods Manifest.lock";
			outputFileListPaths = (
			);
			outputPaths = (
				"$(DERIVED_FILE_DIR)/Pods-ECommerceApp-checkManifestLockResult.txt",
			);
			runOnlyForDeploymentPostprocessing = 0;
			shellPath = /bin/sh;
			shellScript = "diff \"${PODS_PODFILE_DIR_PATH}/Podfile.lock\" \"${PODS_ROOT}/Manifest.lock\" > /dev/null\nif [ $? != 0 ] ; then\n    # print error to STDERR\n    echo \"error: The sandbox is not in sync with the Podfile.lock. Run 'pod install' or update your CocoaPods installation.\" >&2\n    exit 1\nfi\n# This output is used by Xcode 'outputs' to avoid re-running this script phase.\necho \"SUCCESS\" > \"${SCRIPT_OUTPUT_FILE_0}\"\n";
			showEnvVarsInLog = 0;
		};
		CC6A157B341F9F5BFB3C0F68 /* [CP] Check Pods Manifest.lock */ = {
			isa = PBXShellScriptBuildPhase;
			buildActionMask = 2147483647;
			files = (
			);
			inputFileListPaths = (
			);
			inputPaths = (
				"${PODS_PODFILE_DIR_PATH}/Podfile.lock",
				"${PODS_ROOT}/Manifest.lock",
			);
			name = "[CP] Check Pods Manifest.lock";
			outputFileListPaths = (
			);
			outputPaths = (
				"$(DERIVED_FILE_DIR)/Pods-ECommerceAppTests-checkManifestLockResult.txt",
			);
			runOnlyForDeploymentPostprocessing = 0;
			shellPath = /bin/sh;
			shellScript = "diff \"${PODS_PODFILE_DIR_PATH}/Podfile.lock\" \"${PODS_ROOT}/Manifest.lock\" > /dev/null\nif [ $? != 0 ] ; then\n    # print error to STDERR\n    echo \"error: The sandbox is not in sync with the Podfile.lock. Run 'pod install' or update your CocoaPods installation.\" >&2\n    exit 1\nfi\n# This output is used by Xcode 'outputs' to avoid re-running this script phase.\necho \"SUCCESS\" > \"${SCRIPT_OUTPUT_FILE_0}\"\n";
			showEnvVarsInLog = 0;
		};
/* End PBXShellScriptBuildPhase section */

/* Begin PBXSourcesBuildPhase section */
		9EE00B6A2E02DA6F00B90540 /* Sources */ = {
			isa = PBXSourcesBuildPhase;
			buildActionMask = 2147483647;
			files = (
				9EE00C512E05B54300B90540 /* CustomTextField.swift in Sources */,
				9EE00BDD2E03E4C400B90540 /* TabView.swift in Sources */,
				9EE00BF52E04356000B90540 /* PantCardView.swift in Sources */,
				9ED6A3342E094D700000FF9D /* StripeCardField.swift in Sources */,
				9EE00BA62E02DBB200B90540 /* Model.swift in Sources */,
				9EE00C112E045C9F00B90540 /* CoreDataManager.swift in Sources */,
				9EE00C462E05B34800B90540 /* SignupScreen.swift in Sources */,
				9EE00C402E05A4DF00B90540 /* HelpScreen.swift in Sources */,
				9EE00B9D2E02DA7F00B90540 /* ECommerceAppApp.swift in Sources */,
				9EE00BA42E02DAB100B90540 /* SearchView.swift in Sources */,
				9EE00BAE2E02ED0A00B90540 /* ShirtCardView.swift in Sources */,
				9EE00BA82E02DBD700B90540 /* CardView.swift in Sources */,
				9ED6A3362E0952E50000FF9D /* StripeAuthContext.swift in Sources */,
				9EE00C2E2E05723C00B90540 /* PlaceOrderView.swift in Sources */,
				9EE00BF92E043C6C00B90540 /* ShirtDetailView.swift in Sources */,
				9EE00BE82E03E83600B90540 /* ProfileScreen.swift in Sources */,
				9EE00C372E05850E00B90540 /* AddressScreen.swift in Sources */,
				9ED6A3322E094A470000FF9D /* StripePaymentView.swift in Sources */,
				9EE00C432E05B31500B90540 /* LoginScreen.swift in Sources */,
				9EE00BFB2E043F1B00B90540 /* PantDetailView.swift in Sources */,
				9EE00BA22E02DAA000B90540 /* HomeScreen.swift in Sources */,
				9EE00BFD2E043F8400B90540 /* ShoeDetailView.swift in Sources */,
				9EE00BEA2E03EA3B00B90540 /* AddToCartView.swift in Sources */,
				9EE00BF12E040FE200B90540 /* CategoryCard.swift in Sources */,
				9EE00C0F2E045C4B00B90540 /* CoreDataModel.xcdatamodeld in Sources */,
				9EE00C252E05307900B90540 /* HeadphonesCard.swift in Sources */,
				9EE00BAC2E02E8CD00B90540 /* ProductCard.swift in Sources */,
				9EE00C2B2E053E5F00B90540 /* WishListItem.swift in Sources */,
				9EE00BEC2E04042A00B90540 /* CategoryScreen.swift in Sources */,
				9EE00C3C2E0587BD00B90540 /* OrderConfirmationView.swift in Sources */,
				9EE00BB62E0304CE00B90540 /* ShoesCardView.swift in Sources */,
			);
			runOnlyForDeploymentPostprocessing = 0;
		};
		9EE00B772E02DA7100B90540 /* Sources */ = {
			isa = PBXSourcesBuildPhase;
			buildActionMask = 2147483647;
			files = (
			);
			runOnlyForDeploymentPostprocessing = 0;
		};
		9EE00B812E02DA7100B90540 /* Sources */ = {
			isa = PBXSourcesBuildPhase;
			buildActionMask = 2147483647;
			files = (
			);
			runOnlyForDeploymentPostprocessing = 0;
		};
/* End PBXSourcesBuildPhase section */

/* Begin PBXTargetDependency section */
		9EE00B7D2E02DA7100B90540 /* PBXTargetDependency */ = {
			isa = PBXTargetDependency;
			target = 9EE00B6D2E02DA6F00B90540 /* ECommerceApp */;
			targetProxy = 9EE00B7C2E02DA7100B90540 /* PBXContainerItemProxy */;
		};
		9EE00B872E02DA7100B90540 /* PBXTargetDependency */ = {
			isa = PBXTargetDependency;
			target = 9EE00B6D2E02DA6F00B90540 /* ECommerceApp */;
			targetProxy = 9EE00B862E02DA7100B90540 /* PBXContainerItemProxy */;
		};
/* End PBXTargetDependency section */

/* Begin XCBuildConfiguration section */
		9EE00B8D2E02DA7100B90540 /* Debug */ = {
			isa = XCBuildConfiguration;
			buildSettings = {
				ALWAYS_SEARCH_USER_PATHS = NO;
				ASSETCATALOG_COMPILER_GENERATE_SWIFT_ASSET_SYMBOL_EXTENSIONS = YES;
				CLANG_ANALYZER_NONNULL = YES;
				CLANG_ANALYZER_NUMBER_OBJECT_CONVERSION = YES_AGGRESSIVE;
				CLANG_CXX_LANGUAGE_STANDARD = "gnu++20";
				CLANG_ENABLE_MODULES = YES;
				CLANG_ENABLE_OBJC_ARC = YES;
				CLANG_ENABLE_OBJC_WEAK = YES;
				CLANG_WARN_BLOCK_CAPTURE_AUTORELEASING = YES;
				CLANG_WARN_BOOL_CONVERSION = YES;
				CLANG_WARN_COMMA = YES;
				CLANG_WARN_CONSTANT_CONVERSION = YES;
				CLANG_WARN_DEPRECATED_OBJC_IMPLEMENTATIONS = YES;
				CLANG_WARN_DIRECT_OBJC_ISA_USAGE = YES_ERROR;
				CLANG_WARN_DOCUMENTATION_COMMENTS = YES;
				CLANG_WARN_EMPTY_BODY = YES;
				CLANG_WARN_ENUM_CONVERSION = YES;
				CLANG_WARN_INFINITE_RECURSION = YES;
				CLANG_WARN_INT_CONVERSION = YES;
				CLANG_WARN_NON_LITERAL_NULL_CONVERSION = YES;
				CLANG_WARN_OBJC_IMPLICIT_RETAIN_SELF = YES;
				CLANG_WARN_OBJC_LITERAL_CONVERSION = YES;
				CLANG_WARN_OBJC_ROOT_CLASS = YES_ERROR;
				CLANG_WARN_QUOTED_INCLUDE_IN_FRAMEWORK_HEADER = YES;
				CLANG_WARN_RANGE_LOOP_ANALYSIS = YES;
				CLANG_WARN_STRICT_PROTOTYPES = YES;
				CLANG_WARN_SUSPICIOUS_MOVE = YES;
				CLANG_WARN_UNGUARDED_AVAILABILITY = YES_AGGRESSIVE;
				CLANG_WARN_UNREACHABLE_CODE = YES;
				CLANG_WARN__DUPLICATE_METHOD_MATCH = YES;
				COPY_PHASE_STRIP = NO;
				DEBUG_INFORMATION_FORMAT = dwarf;
				DEVELOPMENT_TEAM = H2C4R2VE3A;
				ENABLE_STRICT_OBJC_MSGSEND = YES;
				ENABLE_TESTABILITY = YES;
				ENABLE_USER_SCRIPT_SANDBOXING = YES;
				GCC_C_LANGUAGE_STANDARD = gnu17;
				GCC_DYNAMIC_NO_PIC = NO;
				GCC_NO_COMMON_BLOCKS = YES;
				GCC_OPTIMIZATION_LEVEL = 0;
				GCC_PREPROCESSOR_DEFINITIONS = (
					"DEBUG=1",
					"$(inherited)",
				);
				GCC_WARN_64_TO_32_BIT_CONVERSION = YES;
				GCC_WARN_ABOUT_RETURN_TYPE = YES_ERROR;
				GCC_WARN_UNDECLARED_SELECTOR = YES;
				GCC_WARN_UNINITIALIZED_AUTOS = YES_AGGRESSIVE;
				GCC_WARN_UNUSED_FUNCTION = YES;
				GCC_WARN_UNUSED_VARIABLE = YES;
				IPHONEOS_DEPLOYMENT_TARGET = 18.5;
				LOCALIZATION_PREFERS_STRING_CATALOGS = YES;
				MTL_ENABLE_DEBUG_INFO = INCLUDE_SOURCE;
				MTL_FAST_MATH = YES;
				ONLY_ACTIVE_ARCH = YES;
				SDKROOT = iphoneos;
				SWIFT_ACTIVE_COMPILATION_CONDITIONS = "DEBUG $(inherited)";
				SWIFT_OPTIMIZATION_LEVEL = "-Onone";
			};
			name = Debug;
		};
		9EE00B8E2E02DA7100B90540 /* Release */ = {
			isa = XCBuildConfiguration;
			buildSettings = {
				ALWAYS_SEARCH_USER_PATHS = NO;
				ASSETCATALOG_COMPILER_GENERATE_SWIFT_ASSET_SYMBOL_EXTENSIONS = YES;
				CLANG_ANALYZER_NONNULL = YES;
				CLANG_ANALYZER_NUMBER_OBJECT_CONVERSION = YES_AGGRESSIVE;
				CLANG_CXX_LANGUAGE_STANDARD = "gnu++20";
				CLANG_ENABLE_MODULES = YES;
				CLANG_ENABLE_OBJC_ARC = YES;
				CLANG_ENABLE_OBJC_WEAK = YES;
				CLANG_WARN_BLOCK_CAPTURE_AUTORELEASING = YES;
				CLANG_WARN_BOOL_CONVERSION = YES;
				CLANG_WARN_COMMA = YES;
				CLANG_WARN_CONSTANT_CONVERSION = YES;
				CLANG_WARN_DEPRECATED_OBJC_IMPLEMENTATIONS = YES;
				CLANG_WARN_DIRECT_OBJC_ISA_USAGE = YES_ERROR;
				CLANG_WARN_DOCUMENTATION_COMMENTS = YES;
				CLANG_WARN_EMPTY_BODY = YES;
				CLANG_WARN_ENUM_CONVERSION = YES;
				CLANG_WARN_INFINITE_RECURSION = YES;
				CLANG_WARN_INT_CONVERSION = YES;
				CLANG_WARN_NON_LITERAL_NULL_CONVERSION = YES;
				CLANG_WARN_OBJC_IMPLICIT_RETAIN_SELF = YES;
				CLANG_WARN_OBJC_LITERAL_CONVERSION = YES;
				CLANG_WARN_OBJC_ROOT_CLASS = YES_ERROR;
				CLANG_WARN_QUOTED_INCLUDE_IN_FRAMEWORK_HEADER = YES;
				CLANG_WARN_RANGE_LOOP_ANALYSIS = YES;
				CLANG_WARN_STRICT_PROTOTYPES = YES;
				CLANG_WARN_SUSPICIOUS_MOVE = YES;
				CLANG_WARN_UNGUARDED_AVAILABILITY = YES_AGGRESSIVE;
				CLANG_WARN_UNREACHABLE_CODE = YES;
				CLANG_WARN__DUPLICATE_METHOD_MATCH = YES;
				COPY_PHASE_STRIP = NO;
				DEBUG_INFORMATION_FORMAT = "dwarf-with-dsym";
				DEVELOPMENT_TEAM = H2C4R2VE3A;
				ENABLE_NS_ASSERTIONS = NO;
				ENABLE_STRICT_OBJC_MSGSEND = YES;
				ENABLE_USER_SCRIPT_SANDBOXING = YES;
				GCC_C_LANGUAGE_STANDARD = gnu17;
				GCC_NO_COMMON_BLOCKS = YES;
				GCC_WARN_64_TO_32_BIT_CONVERSION = YES;
				GCC_WARN_ABOUT_RETURN_TYPE = YES_ERROR;
				GCC_WARN_UNDECLARED_SELECTOR = YES;
				GCC_WARN_UNINITIALIZED_AUTOS = YES_AGGRESSIVE;
				GCC_WARN_UNUSED_FUNCTION = YES;
				GCC_WARN_UNUSED_VARIABLE = YES;
				IPHONEOS_DEPLOYMENT_TARGET = 18.5;
				LOCALIZATION_PREFERS_STRING_CATALOGS = YES;
				MTL_ENABLE_DEBUG_INFO = NO;
				MTL_FAST_MATH = YES;
				SDKROOT = iphoneos;
				SWIFT_COMPILATION_MODE = wholemodule;
				VALIDATE_PRODUCT = YES;
			};
			name = Release;
		};
		9EE00B902E02DA7100B90540 /* Debug */ = {
			isa = XCBuildConfiguration;
			baseConfigurationReference = CD13AC4783A8780581055E2F /* Pods-ECommerceApp.debug.xcconfig */;
			buildSettings = {
				ASSETCATALOG_COMPILER_APPICON_NAME = AppIcon;
				ASSETCATALOG_COMPILER_GLOBAL_ACCENT_COLOR_NAME = AccentColor;
				CODE_SIGN_ENTITLEMENTS = ECommerceApp/ECommerceApp.entitlements;
				CODE_SIGN_STYLE = Automatic;
				CURRENT_PROJECT_VERSION = 1;
				DEVELOPMENT_TEAM = H2C4R2VE3A;
				ENABLE_PREVIEWS = YES;
				GENERATE_INFOPLIST_FILE = YES;
				INFOPLIST_FILE = ECommerceApp/Info.plist;
				INFOPLIST_KEY_NSLocationWhenInUseUsageDescription = "Location acces is required to accept payments";
				INFOPLIST_KEY_UIApplicationSceneManifest_Generation = YES;
				INFOPLIST_KEY_UIApplicationSupportsIndirectInputEvents = YES;
				INFOPLIST_KEY_UILaunchScreen_Generation = YES;
				INFOPLIST_KEY_UISupportedInterfaceOrientations_iPad = "UIInterfaceOrientationPortrait UIInterfaceOrientationPortraitUpsideDown UIInterfaceOrientationLandscapeLeft UIInterfaceOrientationLandscapeRight";
				INFOPLIST_KEY_UISupportedInterfaceOrientations_iPhone = "UIInterfaceOrientationPortrait UIInterfaceOrientationLandscapeLeft UIInterfaceOrientationLandscapeRight";
				IPHONEOS_DEPLOYMENT_TARGET = 16.6;
				LD_RUNPATH_SEARCH_PATHS = (
					"$(inherited)",
					"@executable_path/Frameworks",
				);
				MARKETING_VERSION = 1.0;
				PRODUCT_BUNDLE_IDENTIFIER = com.newsApi.ECommerceApp;
				PRODUCT_NAME = "$(TARGET_NAME)";
				SWIFT_EMIT_LOC_STRINGS = YES;
				SWIFT_VERSION = 5.0;
				TARGETED_DEVICE_FAMILY = "1,2";
			};
			name = Debug;
		};
		9EE00B912E02DA7100B90540 /* Release */ = {
			isa = XCBuildConfiguration;
			baseConfigurationReference = 349575FEBE62783665E1836C /* Pods-ECommerceApp.release.xcconfig */;
			buildSettings = {
				ASSETCATALOG_COMPILER_APPICON_NAME = AppIcon;
				ASSETCATALOG_COMPILER_GLOBAL_ACCENT_COLOR_NAME = AccentColor;
				CODE_SIGN_ENTITLEMENTS = ECommerceApp/ECommerceApp.entitlements;
				CODE_SIGN_STYLE = Automatic;
				CURRENT_PROJECT_VERSION = 1;
				DEVELOPMENT_TEAM = H2C4R2VE3A;
				ENABLE_PREVIEWS = YES;
				GENERATE_INFOPLIST_FILE = YES;
				INFOPLIST_FILE = ECommerceApp/Info.plist;
				INFOPLIST_KEY_NSLocationWhenInUseUsageDescription = "Location acces is required to accept payments";
				INFOPLIST_KEY_UIApplicationSceneManifest_Generation = YES;
				INFOPLIST_KEY_UIApplicationSupportsIndirectInputEvents = YES;
				INFOPLIST_KEY_UILaunchScreen_Generation = YES;
				INFOPLIST_KEY_UISupportedInterfaceOrientations_iPad = "UIInterfaceOrientationPortrait UIInterfaceOrientationPortraitUpsideDown UIInterfaceOrientationLandscapeLeft UIInterfaceOrientationLandscapeRight";
				INFOPLIST_KEY_UISupportedInterfaceOrientations_iPhone = "UIInterfaceOrientationPortrait UIInterfaceOrientationLandscapeLeft UIInterfaceOrientationLandscapeRight";
				IPHONEOS_DEPLOYMENT_TARGET = 16.6;
				LD_RUNPATH_SEARCH_PATHS = (
					"$(inherited)",
					"@executable_path/Frameworks",
				);
				MARKETING_VERSION = 1.0;
				PRODUCT_BUNDLE_IDENTIFIER = com.newsApi.ECommerceApp;
				PRODUCT_NAME = "$(TARGET_NAME)";
				SWIFT_EMIT_LOC_STRINGS = YES;
				SWIFT_VERSION = 5.0;
				TARGETED_DEVICE_FAMILY = "1,2";
			};
			name = Release;
		};
		9EE00B932E02DA7100B90540 /* Debug */ = {
			isa = XCBuildConfiguration;
			baseConfigurationReference = 224D692B4FB620AD34128FD5 /* Pods-ECommerceAppTests.debug.xcconfig */;
			buildSettings = {
				BUNDLE_LOADER = "$(TEST_HOST)";
				CODE_SIGN_STYLE = Automatic;
				CURRENT_PROJECT_VERSION = 1;
				DEVELOPMENT_TEAM = H2C4R2VE3A;
				GENERATE_INFOPLIST_FILE = YES;
				IPHONEOS_DEPLOYMENT_TARGET = 18.5;
				MARKETING_VERSION = 1.0;
				PRODUCT_BUNDLE_IDENTIFIER = com.newsApi.ECommerceAppTests;
				PRODUCT_NAME = "$(TARGET_NAME)";
				SWIFT_EMIT_LOC_STRINGS = NO;
				SWIFT_VERSION = 5.0;
				TARGETED_DEVICE_FAMILY = "1,2";
				TEST_HOST = "$(BUILT_PRODUCTS_DIR)/ECommerceApp.app/$(BUNDLE_EXECUTABLE_FOLDER_PATH)/ECommerceApp";
			};
			name = Debug;
		};
		9EE00B942E02DA7100B90540 /* Release */ = {
			isa = XCBuildConfiguration;
			baseConfigurationReference = EEBAB69D6D9B14DDB4DDB51A /* Pods-ECommerceAppTests.release.xcconfig */;
			buildSettings = {
				BUNDLE_LOADER = "$(TEST_HOST)";
				CODE_SIGN_STYLE = Automatic;
				CURRENT_PROJECT_VERSION = 1;
				DEVELOPMENT_TEAM = H2C4R2VE3A;
				GENERATE_INFOPLIST_FILE = YES;
				IPHONEOS_DEPLOYMENT_TARGET = 18.5;
				MARKETING_VERSION = 1.0;
				PRODUCT_BUNDLE_IDENTIFIER = com.newsApi.ECommerceAppTests;
				PRODUCT_NAME = "$(TARGET_NAME)";
				SWIFT_EMIT_LOC_STRINGS = NO;
				SWIFT_VERSION = 5.0;
				TARGETED_DEVICE_FAMILY = "1,2";
				TEST_HOST = "$(BUILT_PRODUCTS_DIR)/ECommerceApp.app/$(BUNDLE_EXECUTABLE_FOLDER_PATH)/ECommerceApp";
			};
			name = Release;
		};
		9EE00B962E02DA7100B90540 /* Debug */ = {
			isa = XCBuildConfiguration;
			baseConfigurationReference = 920BCBA33795141C6BB227FB /* Pods-ECommerceApp-ECommerceAppUITests.debug.xcconfig */;
			buildSettings = {
				CODE_SIGN_STYLE = Automatic;
				CURRENT_PROJECT_VERSION = 1;
				DEVELOPMENT_TEAM = H2C4R2VE3A;
				GENERATE_INFOPLIST_FILE = YES;
				MARKETING_VERSION = 1.0;
				PRODUCT_BUNDLE_IDENTIFIER = com.newsApi.ECommerceAppUITests;
				PRODUCT_NAME = "$(TARGET_NAME)";
				SWIFT_EMIT_LOC_STRINGS = NO;
				SWIFT_VERSION = 5.0;
				TARGETED_DEVICE_FAMILY = "1,2";
				TEST_TARGET_NAME = ECommerceApp;
			};
			name = Debug;
		};
		9EE00B972E02DA7100B90540 /* Release */ = {
			isa = XCBuildConfiguration;
			baseConfigurationReference = 705A2048291B6654730833D0 /* Pods-ECommerceApp-ECommerceAppUITests.release.xcconfig */;
			buildSettings = {
				CODE_SIGN_STYLE = Automatic;
				CURRENT_PROJECT_VERSION = 1;
				DEVELOPMENT_TEAM = H2C4R2VE3A;
				GENERATE_INFOPLIST_FILE = YES;
				MARKETING_VERSION = 1.0;
				PRODUCT_BUNDLE_IDENTIFIER = com.newsApi.ECommerceAppUITests;
				PRODUCT_NAME = "$(TARGET_NAME)";
				SWIFT_EMIT_LOC_STRINGS = NO;
				SWIFT_VERSION = 5.0;
				TARGETED_DEVICE_FAMILY = "1,2";
				TEST_TARGET_NAME = ECommerceApp;
			};
			name = Release;
		};
/* End XCBuildConfiguration section */

/* Begin XCConfigurationList section */
		9EE00B692E02DA6F00B90540 /* Build configuration list for PBXProject "ECommerceApp" */ = {
			isa = XCConfigurationList;
			buildConfigurations = (
				9EE00B8D2E02DA7100B90540 /* Debug */,
				9EE00B8E2E02DA7100B90540 /* Release */,
			);
			defaultConfigurationIsVisible = 0;
			defaultConfigurationName = Release;
		};
		9EE00B8F2E02DA7100B90540 /* Build configuration list for PBXNativeTarget "ECommerceApp" */ = {
			isa = XCConfigurationList;
			buildConfigurations = (
				9EE00B902E02DA7100B90540 /* Debug */,
				9EE00B912E02DA7100B90540 /* Release */,
			);
			defaultConfigurationIsVisible = 0;
			defaultConfigurationName = Release;
		};
		9EE00B922E02DA7100B90540 /* Build configuration list for PBXNativeTarget "ECommerceAppTests" */ = {
			isa = XCConfigurationList;
			buildConfigurations = (
				9EE00B932E02DA7100B90540 /* Debug */,
				9EE00B942E02DA7100B90540 /* Release */,
			);
			defaultConfigurationIsVisible = 0;
			defaultConfigurationName = Release;
		};
		9EE00B952E02DA7100B90540 /* Build configuration list for PBXNativeTarget "ECommerceAppUITests" */ = {
			isa = XCConfigurationList;
			buildConfigurations = (
				9EE00B962E02DA7100B90540 /* Debug */,
				9EE00B972E02DA7100B90540 /* Release */,
			);
			defaultConfigurationIsVisible = 0;
			defaultConfigurationName = Release;
		};
/* End XCConfigurationList section */

/* Begin XCRemoteSwiftPackageReference section */
		9ED6A3112E093B970000FF9D /* XCRemoteSwiftPackageReference "stripe-ios" */ = {
			isa = XCRemoteSwiftPackageReference;
			repositoryURL = "https://github.com/stripe/stripe-ios";
			requirement = {
				kind = upToNextMajorVersion;
				minimumVersion = 24.16.0;
			};
		};
		9EE00C522E05B86100B90540 /* XCRemoteSwiftPackageReference "firebase-ios-sdk" */ = {
			isa = XCRemoteSwiftPackageReference;
			repositoryURL = "https://github.com/firebase/firebase-ios-sdk.git";
			requirement = {
				kind = upToNextMajorVersion;
				minimumVersion = 11.14.0;
			};
		};
		9EE00C8B2E05BD6400B90540 /* XCRemoteSwiftPackageReference "GoogleSignIn-iOS" */ = {
			isa = XCRemoteSwiftPackageReference;
			repositoryURL = "https://github.com/google/GoogleSignIn-iOS.git";
			requirement = {
				kind = upToNextMajorVersion;
				minimumVersion = 8.0.0;
			};
		};
/* End XCRemoteSwiftPackageReference section */

/* Begin XCSwiftPackageProductDependency section */
		9ED6A3122E093B970000FF9D /* Stripe */ = {
			isa = XCSwiftPackageProductDependency;
			package = 9ED6A3112E093B970000FF9D /* XCRemoteSwiftPackageReference "stripe-ios" */;
			productName = Stripe;
		};
		9ED6A3142E093B970000FF9D /* StripeApplePay */ = {
			isa = XCSwiftPackageProductDependency;
			package = 9ED6A3112E093B970000FF9D /* XCRemoteSwiftPackageReference "stripe-ios" */;
			productName = StripeApplePay;
		};
		9ED6A3162E093B970000FF9D /* StripeCardScan */ = {
			isa = XCSwiftPackageProductDependency;
			package = 9ED6A3112E093B970000FF9D /* XCRemoteSwiftPackageReference "stripe-ios" */;
			productName = StripeCardScan;
		};
		9ED6A3182E093B970000FF9D /* StripeConnect */ = {
			isa = XCSwiftPackageProductDependency;
			package = 9ED6A3112E093B970000FF9D /* XCRemoteSwiftPackageReference "stripe-ios" */;
			productName = StripeConnect;
		};
		9ED6A31A2E093B970000FF9D /* StripeFinancialConnections */ = {
			isa = XCSwiftPackageProductDependency;
			package = 9ED6A3112E093B970000FF9D /* XCRemoteSwiftPackageReference "stripe-ios" */;
			productName = StripeFinancialConnections;
		};
		9ED6A31C2E093B970000FF9D /* StripeIdentity */ = {
			isa = XCSwiftPackageProductDependency;
			package = 9ED6A3112E093B970000FF9D /* XCRemoteSwiftPackageReference "stripe-ios" */;
			productName = StripeIdentity;
		};
		9ED6A31E2E093B970000FF9D /* StripePaymentSheet */ = {
			isa = XCSwiftPackageProductDependency;
			package = 9ED6A3112E093B970000FF9D /* XCRemoteSwiftPackageReference "stripe-ios" */;
			productName = StripePaymentSheet;
		};
		9ED6A3202E093B970000FF9D /* StripePayments */ = {
			isa = XCSwiftPackageProductDependency;
			package = 9ED6A3112E093B970000FF9D /* XCRemoteSwiftPackageReference "stripe-ios" */;
			productName = StripePayments;
		};
		9ED6A3222E093B970000FF9D /* StripePaymentsUI */ = {
			isa = XCSwiftPackageProductDependency;
			package = 9ED6A3112E093B970000FF9D /* XCRemoteSwiftPackageReference "stripe-ios" */;
			productName = StripePaymentsUI;
		};
		9EE00C532E05B86100B90540 /* FirebaseAI */ = {
			isa = XCSwiftPackageProductDependency;
			package = 9EE00C522E05B86100B90540 /* XCRemoteSwiftPackageReference "firebase-ios-sdk" */;
			productName = FirebaseAI;
		};
		9EE00C552E05B86100B90540 /* FirebaseAnalytics */ = {
			isa = XCSwiftPackageProductDependency;
			package = 9EE00C522E05B86100B90540 /* XCRemoteSwiftPackageReference "firebase-ios-sdk" */;
			productName = FirebaseAnalytics;
		};
		9EE00C572E05B86100B90540 /* FirebaseAnalyticsCore */ = {
			isa = XCSwiftPackageProductDependency;
			package = 9EE00C522E05B86100B90540 /* XCRemoteSwiftPackageReference "firebase-ios-sdk" */;
			productName = FirebaseAnalyticsCore;
		};
		9EE00C592E05B86100B90540 /* FirebaseAnalyticsIdentitySupport */ = {
			isa = XCSwiftPackageProductDependency;
			package = 9EE00C522E05B86100B90540 /* XCRemoteSwiftPackageReference "firebase-ios-sdk" */;
			productName = FirebaseAnalyticsIdentitySupport;
		};
		9EE00C5B2E05B86100B90540 /* FirebaseAnalyticsOnDeviceConversion */ = {
			isa = XCSwiftPackageProductDependency;
			package = 9EE00C522E05B86100B90540 /* XCRemoteSwiftPackageReference "firebase-ios-sdk" */;
			productName = FirebaseAnalyticsOnDeviceConversion;
		};
		9EE00C5D2E05B86100B90540 /* FirebaseAnalyticsWithoutAdIdSupport */ = {
			isa = XCSwiftPackageProductDependency;
			package = 9EE00C522E05B86100B90540 /* XCRemoteSwiftPackageReference "firebase-ios-sdk" */;
			productName = FirebaseAnalyticsWithoutAdIdSupport;
		};
		9EE00C5F2E05B86100B90540 /* FirebaseAppCheck */ = {
			isa = XCSwiftPackageProductDependency;
			package = 9EE00C522E05B86100B90540 /* XCRemoteSwiftPackageReference "firebase-ios-sdk" */;
			productName = FirebaseAppCheck;
		};
		9EE00C612E05B86100B90540 /* FirebaseAppDistribution-Beta */ = {
			isa = XCSwiftPackageProductDependency;
			package = 9EE00C522E05B86100B90540 /* XCRemoteSwiftPackageReference "firebase-ios-sdk" */;
			productName = "FirebaseAppDistribution-Beta";
		};
		9EE00C632E05B86100B90540 /* FirebaseAuth */ = {
			isa = XCSwiftPackageProductDependency;
			package = 9EE00C522E05B86100B90540 /* XCRemoteSwiftPackageReference "firebase-ios-sdk" */;
			productName = FirebaseAuth;
		};
		9EE00C652E05B86100B90540 /* FirebaseAuthCombine-Community */ = {
			isa = XCSwiftPackageProductDependency;
			package = 9EE00C522E05B86100B90540 /* XCRemoteSwiftPackageReference "firebase-ios-sdk" */;
			productName = "FirebaseAuthCombine-Community";
		};
		9EE00C672E05B86100B90540 /* FirebaseCore */ = {
			isa = XCSwiftPackageProductDependency;
			package = 9EE00C522E05B86100B90540 /* XCRemoteSwiftPackageReference "firebase-ios-sdk" */;
			productName = FirebaseCore;
		};
		9EE00C692E05B86100B90540 /* FirebaseCrashlytics */ = {
			isa = XCSwiftPackageProductDependency;
			package = 9EE00C522E05B86100B90540 /* XCRemoteSwiftPackageReference "firebase-ios-sdk" */;
			productName = FirebaseCrashlytics;
		};
		9EE00C6B2E05B86100B90540 /* FirebaseDatabase */ = {
			isa = XCSwiftPackageProductDependency;
			package = 9EE00C522E05B86100B90540 /* XCRemoteSwiftPackageReference "firebase-ios-sdk" */;
			productName = FirebaseDatabase;
		};
		9EE00C6D2E05B86100B90540 /* FirebaseDynamicLinks */ = {
			isa = XCSwiftPackageProductDependency;
			package = 9EE00C522E05B86100B90540 /* XCRemoteSwiftPackageReference "firebase-ios-sdk" */;
			productName = FirebaseDynamicLinks;
		};
		9EE00C6F2E05B86100B90540 /* FirebaseFirestore */ = {
			isa = XCSwiftPackageProductDependency;
			package = 9EE00C522E05B86100B90540 /* XCRemoteSwiftPackageReference "firebase-ios-sdk" */;
			productName = FirebaseFirestore;
		};
		9EE00C712E05B86100B90540 /* FirebaseFirestoreCombine-Community */ = {
			isa = XCSwiftPackageProductDependency;
			package = 9EE00C522E05B86100B90540 /* XCRemoteSwiftPackageReference "firebase-ios-sdk" */;
			productName = "FirebaseFirestoreCombine-Community";
		};
		9EE00C732E05B86100B90540 /* FirebaseFunctions */ = {
			isa = XCSwiftPackageProductDependency;
			package = 9EE00C522E05B86100B90540 /* XCRemoteSwiftPackageReference "firebase-ios-sdk" */;
			productName = FirebaseFunctions;
		};
		9EE00C752E05B86100B90540 /* FirebaseFunctionsCombine-Community */ = {
			isa = XCSwiftPackageProductDependency;
			package = 9EE00C522E05B86100B90540 /* XCRemoteSwiftPackageReference "firebase-ios-sdk" */;
			productName = "FirebaseFunctionsCombine-Community";
		};
		9EE00C772E05B86100B90540 /* FirebaseInAppMessaging-Beta */ = {
			isa = XCSwiftPackageProductDependency;
			package = 9EE00C522E05B86100B90540 /* XCRemoteSwiftPackageReference "firebase-ios-sdk" */;
			productName = "FirebaseInAppMessaging-Beta";
		};
		9EE00C792E05B86100B90540 /* FirebaseInstallations */ = {
			isa = XCSwiftPackageProductDependency;
			package = 9EE00C522E05B86100B90540 /* XCRemoteSwiftPackageReference "firebase-ios-sdk" */;
			productName = FirebaseInstallations;
		};
		9EE00C7B2E05B86100B90540 /* FirebaseMLModelDownloader */ = {
			isa = XCSwiftPackageProductDependency;
			package = 9EE00C522E05B86100B90540 /* XCRemoteSwiftPackageReference "firebase-ios-sdk" */;
			productName = FirebaseMLModelDownloader;
		};
		9EE00C7D2E05B86100B90540 /* FirebaseMessaging */ = {
			isa = XCSwiftPackageProductDependency;
			package = 9EE00C522E05B86100B90540 /* XCRemoteSwiftPackageReference "firebase-ios-sdk" */;
			productName = FirebaseMessaging;
		};
		9EE00C7F2E05B86100B90540 /* FirebasePerformance */ = {
			isa = XCSwiftPackageProductDependency;
			package = 9EE00C522E05B86100B90540 /* XCRemoteSwiftPackageReference "firebase-ios-sdk" */;
			productName = FirebasePerformance;
		};
		9EE00C812E05B86100B90540 /* FirebaseRemoteConfig */ = {
			isa = XCSwiftPackageProductDependency;
			package = 9EE00C522E05B86100B90540 /* XCRemoteSwiftPackageReference "firebase-ios-sdk" */;
			productName = FirebaseRemoteConfig;
		};
		9EE00C832E05B86100B90540 /* FirebaseStorage */ = {
			isa = XCSwiftPackageProductDependency;
			package = 9EE00C522E05B86100B90540 /* XCRemoteSwiftPackageReference "firebase-ios-sdk" */;
			productName = FirebaseStorage;
		};
		9EE00C852E05B86100B90540 /* FirebaseStorageCombine-Community */ = {
			isa = XCSwiftPackageProductDependency;
			package = 9EE00C522E05B86100B90540 /* XCRemoteSwiftPackageReference "firebase-ios-sdk" */;
			productName = "FirebaseStorageCombine-Community";
		};
		9EE00C872E05B86100B90540 /* FirebaseVertexAI */ = {
			isa = XCSwiftPackageProductDependency;
			package = 9EE00C522E05B86100B90540 /* XCRemoteSwiftPackageReference "firebase-ios-sdk" */;
			productName = FirebaseVertexAI;
		};
		9EE00C8C2E05BD6400B90540 /* GoogleSignIn */ = {
			isa = XCSwiftPackageProductDependency;
			package = 9EE00C8B2E05BD6400B90540 /* XCRemoteSwiftPackageReference "GoogleSignIn-iOS" */;
			productName = GoogleSignIn;
		};
		9EE00C8E2E05BD6400B90540 /* GoogleSignInSwift */ = {
			isa = XCSwiftPackageProductDependency;
			package = 9EE00C8B2E05BD6400B90540 /* XCRemoteSwiftPackageReference "GoogleSignIn-iOS" */;
			productName = GoogleSignInSwift;
		};
/* End XCSwiftPackageProductDependency section */

/* Begin XCVersionGroup section */
		9EE00C0D2E045C4B00B90540 /* CoreDataModel.xcdatamodeld */ = {
			isa = XCVersionGroup;
			children = (
				9EE00C0E2E045C4B00B90540 /* CoreDataModel.xcdatamodel */,
			);
			currentVersion = 9EE00C0E2E045C4B00B90540 /* CoreDataModel.xcdatamodel */;
			path = CoreDataModel.xcdatamodeld;
			sourceTree = "<group>";
			versionGroupType = wrapper.xcdatamodel;
		};
/* End XCVersionGroup section */
	};
	rootObject = 9EE00B662E02DA6F00B90540 /* Project object */;
}
